
Microsoft Visual Studio Solution File, Format Version 12.00
# Visual Studio Version 17
VisualStudioVersion = 17.14.36908.2 d17.14
MinimumVisualStudioVersion = 10.0.40219.1
Project("{FAE04EC0-301F-11D3-BF4B-00C04F79EFBC}") = "MrMoney.Api", "MrMoney.Api\MrMoney.Api.csproj", "{7230578C-D688-46A9-ADC4-042DBA4358C2}"
EndProject
Global
	GlobalSection(SolutionConfigurationPlatforms) = preSolution
		Debug|Any CPU = Debug|Any CPU
		Release|Any CPU = Release|Any CPU
	EndGlobalSection
	GlobalSection(ProjectConfigurationPlatforms) = postSolution
		{7230578C-D688-46A9-ADC4-042DBA4358C2}.Debug|Any CPU.ActiveCfg = Debug|Any CPU
		{7230578C-D688-46A9-ADC4-042DBA4358C2}.Debug|Any CPU.Build.0 = Debug|Any CPU
		{7230578C-D688-46A9-ADC4-042DBA4358C2}.Release|Any CPU.ActiveCfg = Release|Any CPU
		{7230578C-D688-46A9-ADC4-042DBA4358C2}.Release|Any CPU.Build.0 = Release|Any CPU
	EndGlobalSection
	GlobalSection(SolutionProperties) = preSolution
		HideSolutionNode = FALSE
	EndGlobalSection
	GlobalSection(ExtensibilityGlobals) = postSolution
		SolutionGuid = {0E9EB118-0B22-4D27-9E5D-2D1974D1D978}
	EndGlobalSection
EndGlobal
